
Microsoft Visual Studio Solution File, Format Version 12.00
# Visual Studio Version 17
VisualStudioVersion = 17.11.35219.272
MinimumVisualStudioVersion = 10.0.40219.1
Project("{FAE04EC0-301F-11D3-BF4B-00C04F79EFBC}") = "MVC_day1", "MVC_day1\MVC_day1.csproj", "{24BDCA1B-BA83-49B5-A741-E0956DD1D531}"
EndProject
Global
	GlobalSection(SolutionConfigurationPlatforms) = preSolution
		Debug|Any CPU = Debug|Any CPU
		Release|Any CPU = Release|Any CPU
	EndGlobalSection
	GlobalSection(ProjectConfigurationPlatforms) = postSolution
		{24BDCA1B-BA83-49B5-A741-E0956DD1D531}.Debug|Any CPU.ActiveCfg = Debug|Any CPU
		{24BDCA1B-BA83-49B5-A741-E0956DD1D531}.Debug|Any CPU.Build.0 = Debug|Any CPU
		{24BDCA1B-BA83-49B5-A741-E0956DD1D531}.Release|Any CPU.ActiveCfg = Release|Any CPU
		{24BDCA1B-BA83-49B5-A741-E0956DD1D531}.Release|Any CPU.Build.0 = Release|Any CPU
	EndGlobalSection
	GlobalSection(SolutionProperties) = preSolution
		HideSolutionNode = FALSE
	EndGlobalSection
	GlobalSection(ExtensibilityGlobals) = postSolution
		SolutionGuid = {D43CA4F3-06F4-40EC-8EE8-AFCA31CC0C7B}
	EndGlobalSection
EndGlobal
